
Microsoft Visual Studio Solution File, Format Version 12.00
# Visual Studio 15
VisualStudioVersion = 15.0.26730.16
MinimumVisualStudioVersion = 10.0.40219.1
Project("{8BC9CEB8-8B4A-11D0-8D11-00A0C91BC942}") = "Lab1_1-2", "Lab1_1-2\Lab1_1-2.vcxproj", "{D3AB1092-4227-4C8A-BF67-CBD1F4F7978C}"
EndProject
Global
	GlobalSection(SolutionConfigurationPlatforms) = preSolution
		Debug|x64 = Debug|x64
		Debug|x86 = Debug|x86
		Release|x64 = Release|x64
		Release|x86 = Release|x86
	EndGlobalSection
	GlobalSection(ProjectConfigurationPlatforms) = postSolution
		{D3AB1092-4227-4C8A-BF67-CBD1F4F7978C}.Debug|x64.ActiveCfg = Debug|x64
		{D3AB1092-4227-4C8A-BF67-CBD1F4F7978C}.Debug|x64.Build.0 = Debug|x64
		{D3AB1092-4227-4C8A-BF67-CBD1F4F7978C}.Debug|x86.ActiveCfg = Debug|Win32
		{D3AB1092-4227-4C8A-BF67-CBD1F4F7978C}.Debug|x86.Build.0 = Debug|Win32
		{D3AB1092-4227-4C8A-BF67-CBD1F4F7978C}.Release|x64.ActiveCfg = Release|x64
		{D3AB1092-4227-4C8A-BF67-CBD1F4F7978C}.Release|x64.Build.0 = Release|x64
		{D3AB1092-4227-4C8A-BF67-CBD1F4F7978C}.Release|x86.ActiveCfg = Release|Win32
		{D3AB1092-4227-4C8A-BF67-CBD1F4F7978C}.Release|x86.Build.0 = Release|Win32
	EndGlobalSection
	GlobalSection(SolutionProperties) = preSolution
		HideSolutionNode = FALSE
	EndGlobalSection
	GlobalSection(ExtensibilityGlobals) = postSolution
		SolutionGuid = {CDF4191A-E5F6-40C0-87F6-6BCE18B7E22D}
	EndGlobalSection
EndGlobal
